{
  "name": "orgb",
  "version": "1.0.0",
  "lockfileVersion": 2,
  "requires": true,
  "packages": {
    "": {
      "version": "1.0.0",
      "license": "ISC",
      "dependencies": {
        "openrgb-sdk": "^0.4.1",
        "os-utils": "^0.0.14"
      }
    },
    "node_modules/bufferpack": {
      "version": "0.0.6",
      "resolved": "https://registry.npmjs.org/bufferpack/-/bufferpack-0.0.6.tgz",
      "integrity": "sha1-+z2HOKDh5OA7z/mfmnX57Bip1z4=",
      "engines": {
        "node": "*"
      }
    },
    "node_modules/core-js": {
      "version": "3.11.0",
      "resolved": "https://registry.npmjs.org/core-js/-/core-js-3.11.0.tgz",
      "integrity": "sha512-bd79DPpx+1Ilh9+30aT5O1sgpQd4Ttg8oqkqi51ZzhedMM1omD2e6IOF48Z/DzDCZ2svp49tN/3vneTK6ZBkXw==",
      "hasInstallScript": true,
      "funding": {
        "type": "opencollective",
        "url": "https://opencollective.com/core-js"
      }
    },
    "node_modules/openrgb-sdk": {
      "version": "0.4.1",
      "resolved": "https://registry.npmjs.org/openrgb-sdk/-/openrgb-sdk-0.4.1.tgz",
      "integrity": "sha512-Zc8Sqzbg77A1zRJjivjzrNDn4eqFH3BXBnyNRki6SOQqtZWOQwuHJmQVwG9uDuVXARm6E2svPE35iUVk8BFxpw==",
      "dependencies": {
        "bufferpack": "0.0.6",
        "promise-socket": "^6.0.3"
      }
    },
    "node_modules/os-utils": {
      "version": "0.0.14",
      "resolved": "https://registry.npmjs.org/os-utils/-/os-utils-0.0.14.tgz",
      "integrity": "sha1-KeURaXsZgrjGJ3Ihdf45eX72QVY=",
      "engines": {
        "node": "*"
      }
    },
    "node_modules/promise-duplex": {
      "version": "5.0.3",
      "resolved": "https://registry.npmjs.org/promise-duplex/-/promise-duplex-5.0.3.tgz",
      "integrity": "sha512-f/1gIgfEe5RUUHwA42B6oC8nhUpFheRC4Mc6gsAJGzpNdUyCwJ2rHMBKCorB4l//zmb8j2+TPUrr3le5Jqi+iA==",
      "dependencies": {
        "core-js": "^3.6.1",
        "promise-readable": "^5.0.4",
        "promise-writable": "^5.0.4"
      },
      "engines": {
        "node": ">=6.0.0"
      }
    },
    "node_modules/promise-readable": {
      "version": "5.0.4",
      "resolved": "https://registry.npmjs.org/promise-readable/-/promise-readable-5.0.4.tgz",
      "integrity": "sha512-v1MqYyLQvopoi+FOVL+HErz4TB7lpaZf7H+pQo8vW6yAmJ1QZVDww7XTTwK+gqzQZylmhrlS3CaHQzLkKorZjA==",
      "dependencies": {
        "core-js": "^3.6.1"
      },
      "engines": {
        "node": ">=6.0.0"
      }
    },
    "node_modules/promise-socket": {
      "version": "6.0.3",
      "resolved": "https://registry.npmjs.org/promise-socket/-/promise-socket-6.0.3.tgz",
      "integrity": "sha512-mCP9YcHwOh2bGmuHURSu2YnzSdOyWmMd3qKv6eSFLOY6iax+IDENou4cCtsEKIQwaj9gVlcOQVLCOB/yd4ELgg==",
      "dependencies": {
        "promise-duplex": "^5.0.3",
        "tslib": "^1.10.0"
      },
      "engines": {
        "node": ">=6.0.0"
      }
    },
    "node_modules/promise-writable": {
      "version": "5.0.4",
      "resolved": "https://registry.npmjs.org/promise-writable/-/promise-writable-5.0.4.tgz",
      "integrity": "sha512-D8ar07P5Ntc1C9KhEOZplFdHn82BpiYn/FDc1S8PY2shrRqRcf27zq1GcMsfiP/cvEpatF6Vk3q1L+T7+5OoDw==",
      "engines": {
        "node": ">=6.0.0"
      }
    },
    "node_modules/tslib": {
      "version": "1.14.1",
      "resolved": "https://registry.npmjs.org/tslib/-/tslib-1.14.1.tgz",
      "integrity": "sha512-Xni35NKzjgMrwevysHTCArtLDpPvye8zV/0E4EyYn43P7/7qvQwPh9BGkHewbMulVntbigmcT7rdX3BNo9wRJg=="
    }
  },
  "dependencies": {
    "bufferpack": {
      "version": "0.0.6",
      "resolved": "https://registry.npmjs.org/bufferpack/-/bufferpack-0.0.6.tgz",
      "integrity": "sha1-+z2HOKDh5OA7z/mfmnX57Bip1z4="
    },
    "core-js": {
      "version": "3.11.0",
      "resolved": "https://registry.npmjs.org/core-js/-/core-js-3.11.0.tgz",
      "integrity": "sha512-bd79DPpx+1Ilh9+30aT5O1sgpQd4Ttg8oqkqi51ZzhedMM1omD2e6IOF48Z/DzDCZ2svp49tN/3vneTK6ZBkXw=="
    },
    "openrgb-sdk": {
      "version": "0.4.1",
      "resolved": "https://registry.npmjs.org/openrgb-sdk/-/openrgb-sdk-0.4.1.tgz",
      "integrity": "sha512-Zc8Sqzbg77A1zRJjivjzrNDn4eqFH3BXBnyNRki6SOQqtZWOQwuHJmQVwG9uDuVXARm6E2svPE35iUVk8BFxpw==",
      "requires": {
        "bufferpack": "0.0.6",
        "promise-socket": "^6.0.3"
      }
    },
    "os-utils": {
      "version": "0.0.14",
      "resolved": "https://registry.npmjs.org/os-utils/-/os-utils-0.0.14.tgz",
      "integrity": "sha1-KeURaXsZgrjGJ3Ihdf45eX72QVY="
    },
    "promise-duplex": {
      "version": "5.0.3",
      "resolved": "https://registry.npmjs.org/promise-duplex/-/promise-duplex-5.0.3.tgz",
      "integrity": "sha512-f/1gIgfEe5RUUHwA42B6oC8nhUpFheRC4Mc6gsAJGzpNdUyCwJ2rHMBKCorB4l//zmb8j2+TPUrr3le5Jqi+iA==",
      "requires": {
        "core-js": "^3.6.1",
        "promise-readable": "^5.0.4",
        "promise-writable": "^5.0.4"
      }
    },
    "promise-readable": {
      "version": "5.0.4",
      "resolved": "https://registry.npmjs.org/promise-readable/-/promise-readable-5.0.4.tgz",
      "integrity": "sha512-v1MqYyLQvopoi+FOVL+HErz4TB7lpaZf7H+pQo8vW6yAmJ1QZVDww7XTTwK+gqzQZylmhrlS3CaHQzLkKorZjA==",
      "requires": {
        "core-js": "^3.6.1"
      }
    },
    "promise-socket": {
      "version": "6.0.3",
      "resolved": "https://registry.npmjs.org/promise-socket/-/promise-socket-6.0.3.tgz",
      "integrity": "sha512-mCP9YcHwOh2bGmuHURSu2YnzSdOyWmMd3qKv6eSFLOY6iax+IDENou4cCtsEKIQwaj9gVlcOQVLCOB/yd4ELgg==",
      "requires": {
        "promise-duplex": "^5.0.3",
        "tslib": "^1.10.0"
      }
    },
    "promise-writable": {
      "version": "5.0.4",
      "resolved": "https://registry.npmjs.org/promise-writable/-/promise-writable-5.0.4.tgz",
      "integrity": "sha512-D8ar07P5Ntc1C9KhEOZplFdHn82BpiYn/FDc1S8PY2shrRqRcf27zq1GcMsfiP/cvEpatF6Vk3q1L+T7+5OoDw=="
    },
    "tslib": {
      "version": "1.14.1",
      "resolved": "https://registry.npmjs.org/tslib/-/tslib-1.14.1.tgz",
      "integrity": "sha512-Xni35NKzjgMrwevysHTCArtLDpPvye8zV/0E4EyYn43P7/7qvQwPh9BGkHewbMulVntbigmcT7rdX3BNo9wRJg=="
    }
  }
}
